// !$*UTF8*$!
{
	archiveVersion = 1;
	classes = {
	};
	objectVersion = 56;
	objects = {

/* Begin PBXBuildFile section */
		A00001 /* FitFormAIApp.swift in Sources */ = {isa = PBXBuildFile; fileRef = B00001 /* FitFormAIApp.swift */; };
		A00002 /* ContentView.swift in Sources */ = {isa = PBXBuildFile; fileRef = B00002 /* ContentView.swift */; };
		A00003 /* Assets.xcassets in Resources */ = {isa = PBXBuildFile; fileRef = B00003 /* Assets.xcassets */; };
		A00004 /* Config.swift in Sources */ = {isa = PBXBuildFile; fileRef = B00004 /* Config.swift */; };
		A00006 /* AppState.swift in Sources */ = {isa = PBXBuildFile; fileRef = B00006 /* AppState.swift */; };
		A00007 /* FormAnalysis.swift in Sources */ = {isa = PBXBuildFile; fileRef = B00007 /* FormAnalysis.swift */; };
		A00008 /* UserProfile.swift in Sources */ = {isa = PBXBuildFile; fileRef = B00008 /* UserProfile.swift */; };
		A00009 /* WorkoutPlan.swift in Sources */ = {isa = PBXBuildFile; fileRef = B00009 /* WorkoutPlan.swift */; };
		A00009A /* WorkoutFlow.swift in Sources */ = {isa = PBXBuildFile; fileRef = B00009A /* WorkoutFlow.swift */; };
		A00010 /* OpenAIService.swift in Sources */ = {isa = PBXBuildFile; fileRef = B00010 /* OpenAIService.swift */; };
		A00011 /* ColorExtension.swift in Sources */ = {isa = PBXBuildFile; fileRef = B00011 /* ColorExtension.swift */; };
		A00012 /* FormAnalysisResultView.swift in Sources */ = {isa = PBXBuildFile; fileRef = B00012 /* FormAnalysisResultView.swift */; };
		A00013 /* FormCheckView.swift in Sources */ = {isa = PBXBuildFile; fileRef = B00013 /* FormCheckView.swift */; };
		A00014 /* VideoRecorderView.swift in Sources */ = {isa = PBXBuildFile; fileRef = B00014 /* VideoRecorderView.swift */; };
		A00015 /* HomeView.swift in Sources */ = {isa = PBXBuildFile; fileRef = B00015 /* HomeView.swift */; };
		A00016 /* MainTabView.swift in Sources */ = {isa = PBXBuildFile; fileRef = B00016 /* MainTabView.swift */; };
		A00017 /* OnboardingComponents.swift in Sources */ = {isa = PBXBuildFile; fileRef = B00017 /* OnboardingComponents.swift */; };
		A00018 /* OnboardingView.swift in Sources */ = {isa = PBXBuildFile; fileRef = B00018 /* OnboardingView.swift */; };
		A00019 /* ProfileView.swift in Sources */ = {isa = PBXBuildFile; fileRef = B00019 /* ProfileView.swift */; };
		A00019A /* EditProfileView.swift in Sources */ = {isa = PBXBuildFile; fileRef = B00019A /* EditProfileView.swift */; };
		A00020 /* WorkoutPlanView.swift in Sources */ = {isa = PBXBuildFile; fileRef = B00020 /* WorkoutPlanView.swift */; };
		A00020A /* WorkoutFlowView.swift in Sources */ = {isa = PBXBuildFile; fileRef = B00020A /* WorkoutFlowView.swift */; };
		A00021 /* SecurityManager.swift in Sources */ = {isa = PBXBuildFile; fileRef = B00021 /* SecurityManager.swift */; };
		A00022 /* LockedView.swift in Sources */ = {isa = PBXBuildFile; fileRef = B00022 /* LockedView.swift */; };
		A00023 /* SavedWorkout.swift in Sources */ = {isa = PBXBuildFile; fileRef = B00023 /* SavedWorkout.swift */; };
/* End PBXBuildFile section */

/* Begin PBXFileReference section */
		B00001 /* FitFormAIApp.swift */ = {isa = PBXFileReference; lastKnownFileType = sourcecode.swift; path = FitFormAIApp.swift; sourceTree = "<group>"; };
		B00002 /* ContentView.swift */ = {isa = PBXFileReference; lastKnownFileType = sourcecode.swift; path = ContentView.swift; sourceTree = "<group>"; };
		B00003 /* Assets.xcassets */ = {isa = PBXFileReference; lastKnownFileType = folder.assetcatalog; path = Assets.xcassets; sourceTree = "<group>"; };
		B00004 /* Config.swift */ = {isa = PBXFileReference; lastKnownFileType = sourcecode.swift; path = Config.swift; sourceTree = "<group>"; };
		B00005 /* Info.plist */ = {isa = PBXFileReference; lastKnownFileType = text.plist.xml; path = Info.plist; sourceTree = "<group>"; };
		B00006 /* AppState.swift */ = {isa = PBXFileReference; lastKnownFileType = sourcecode.swift; path = AppState.swift; sourceTree = "<group>"; };
		B00007 /* FormAnalysis.swift */ = {isa = PBXFileReference; lastKnownFileType = sourcecode.swift; path = FormAnalysis.swift; sourceTree = "<group>"; };
		B00008 /* UserProfile.swift */ = {isa = PBXFileReference; lastKnownFileType = sourcecode.swift; path = UserProfile.swift; sourceTree = "<group>"; };
		B00009 /* WorkoutPlan.swift */ = {isa = PBXFileReference; lastKnownFileType = sourcecode.swift; path = WorkoutPlan.swift; sourceTree = "<group>"; };
		B00009A /* WorkoutFlow.swift */ = {isa = PBXFileReference; lastKnownFileType = sourcecode.swift; path = WorkoutFlow.swift; sourceTree = "<group>"; };
		B00010 /* OpenAIService.swift */ = {isa = PBXFileReference; lastKnownFileType = sourcecode.swift; path = OpenAIService.swift; sourceTree = "<group>"; };
		B00011 /* ColorExtension.swift */ = {isa = PBXFileReference; lastKnownFileType = sourcecode.swift; path = ColorExtension.swift; sourceTree = "<group>"; };
		B00012 /* FormAnalysisResultView.swift */ = {isa = PBXFileReference; lastKnownFileType = sourcecode.swift; path = FormAnalysisResultView.swift; sourceTree = "<group>"; };
		B00013 /* FormCheckView.swift */ = {isa = PBXFileReference; lastKnownFileType = sourcecode.swift; path = FormCheckView.swift; sourceTree = "<group>"; };
		B00014 /* VideoRecorderView.swift */ = {isa = PBXFileReference; lastKnownFileType = sourcecode.swift; path = VideoRecorderView.swift; sourceTree = "<group>"; };
		B00015 /* HomeView.swift */ = {isa = PBXFileReference; lastKnownFileType = sourcecode.swift; path = HomeView.swift; sourceTree = "<group>"; };
		B00016 /* MainTabView.swift */ = {isa = PBXFileReference; lastKnownFileType = sourcecode.swift; path = MainTabView.swift; sourceTree = "<group>"; };
		B00017 /* OnboardingComponents.swift */ = {isa = PBXFileReference; lastKnownFileType = sourcecode.swift; path = OnboardingComponents.swift; sourceTree = "<group>"; };
		B00018 /* OnboardingView.swift */ = {isa = PBXFileReference; lastKnownFileType = sourcecode.swift; path = OnboardingView.swift; sourceTree = "<group>"; };
		B00019 /* ProfileView.swift */ = {isa = PBXFileReference; lastKnownFileType = sourcecode.swift; path = ProfileView.swift; sourceTree = "<group>"; };
		B00019A /* EditProfileView.swift */ = {isa = PBXFileReference; lastKnownFileType = sourcecode.swift; path = EditProfileView.swift; sourceTree = "<group>"; };
		B00020 /* WorkoutPlanView.swift */ = {isa = PBXFileReference; lastKnownFileType = sourcecode.swift; path = WorkoutPlanView.swift; sourceTree = "<group>"; };
		B00020A /* WorkoutFlowView.swift */ = {isa = PBXFileReference; lastKnownFileType = sourcecode.swift; path = WorkoutFlowView.swift; sourceTree = "<group>"; };
		B00021 /* SecurityManager.swift */ = {isa = PBXFileReference; lastKnownFileType = sourcecode.swift; path = SecurityManager.swift; sourceTree = "<group>"; };
		B00022 /* LockedView.swift */ = {isa = PBXFileReference; lastKnownFileType = sourcecode.swift; path = LockedView.swift; sourceTree = "<group>"; };
		B00023 /* SavedWorkout.swift */ = {isa = PBXFileReference; lastKnownFileType = sourcecode.swift; path = SavedWorkout.swift; sourceTree = "<group>"; };
		C00001 /* FitFormAI.app */ = {isa = PBXFileReference; explicitFileType = wrapper.application; includeInIndex = 0; path = FitFormAI.app; sourceTree = BUILT_PRODUCTS_DIR; };
/* End PBXFileReference section */

/* Begin PBXFrameworksBuildPhase section */
		D00001 /* Frameworks */ = {
			isa = PBXFrameworksBuildPhase;
			buildActionMask = 2147483647;
			files = (
			);
			runOnlyForDeploymentPostprocessing = 0;
		};
/* End PBXFrameworksBuildPhase section */

/* Begin PBXGroup section */
		E00001 = {
			isa = PBXGroup;
			children = (
				E00002 /* FitFormAI */,
				E00003 /* Products */,
			);
			sourceTree = "<group>";
		};
		E00002 /* FitFormAI */ = {
			isa = PBXGroup;
			children = (
				B00001 /* FitFormAIApp.swift */,
				B00002 /* ContentView.swift */,
				B00004 /* Config.swift */,
				B00005 /* Info.plist */,
				E00004 /* Models */,
				E00005 /* Services */,
				E00006 /* Utilities */,
				E00007 /* Views */,
				B00003 /* Assets.xcassets */,
			);
			path = FitFormAI;
			sourceTree = "<group>";
		};
		E00003 /* Products */ = {
			isa = PBXGroup;
			children = (
				C00001 /* FitFormAI.app */,
			);
			name = Products;
			sourceTree = "<group>";
		};
		E00004 /* Models */ = {
			isa = PBXGroup;
			children = (
				B00006 /* AppState.swift */,
				B00007 /* FormAnalysis.swift */,
				B00008 /* UserProfile.swift */,
				B00009 /* WorkoutPlan.swift */,
				B00009A /* WorkoutFlow.swift */,
				B00023 /* SavedWorkout.swift */,
			);
			path = Models;
			sourceTree = "<group>";
		};
		E00005 /* Services */ = {
			isa = PBXGroup;
			children = (
				B00010 /* OpenAIService.swift */,
				B00021 /* SecurityManager.swift */,
			);
			path = Services;
			sourceTree = "<group>";
		};
		E00006 /* Utilities */ = {
			isa = PBXGroup;
			children = (
				B00011 /* ColorExtension.swift */,
			);
			path = Utilities;
			sourceTree = "<group>";
		};
		E00007 /* Views */ = {
			isa = PBXGroup;
			children = (
				B00022 /* LockedView.swift */,
				E00008 /* FormCheck */,
				E00009 /* Main */,
				E00010 /* Onboarding */,
				E00011 /* Profile */,
				E00012 /* Workout */,
			);
			path = Views;
			sourceTree = "<group>";
		};
		E00008 /* FormCheck */ = {
			isa = PBXGroup;
			children = (
				B00012 /* FormAnalysisResultView.swift */,
				B00013 /* FormCheckView.swift */,
				B00014 /* VideoRecorderView.swift */,
			);
			path = FormCheck;
			sourceTree = "<group>";
		};
		E00009 /* Main */ = {
			isa = PBXGroup;
			children = (
				B00015 /* HomeView.swift */,
				B00016 /* MainTabView.swift */,
			);
			path = Main;
			sourceTree = "<group>";
		};
		E00010 /* Onboarding */ = {
			isa = PBXGroup;
			children = (
				B00017 /* OnboardingComponents.swift */,
				B00018 /* OnboardingView.swift */,
			);
			path = Onboarding;
			sourceTree = "<group>";
		};
		E00011 /* Profile */ = {
			isa = PBXGroup;
			children = (
				B00019 /* ProfileView.swift */,
				B00019A /* EditProfileView.swift */,
			);
			path = Profile;
			sourceTree = "<group>";
		};
		E00012 /* Workout */ = {
			isa = PBXGroup;
			children = (
				B00020 /* WorkoutPlanView.swift */,
				B00020A /* WorkoutFlowView.swift */,
			);
			path = Workout;
			sourceTree = "<group>";
		};
/* End PBXGroup section */

/* Begin PBXNativeTarget section */
		F00001 /* FitFormAI */ = {
			isa = PBXNativeTarget;
			buildConfigurationList = F00002 /* Build configuration list for PBXNativeTarget "FitFormAI" */;
			buildPhases = (
				F00003 /* Sources */,
				D00001 /* Frameworks */,
				F00004 /* Resources */,
			);
			buildRules = (
			);
			dependencies = (
			);
			name = FitFormAI;
			productName = FitFormAI;
			productReference = C00001 /* FitFormAI.app */;
			productType = "com.apple.product-type.application";
		};
/* End PBXNativeTarget section */

/* Begin PBXProject section */
		G00001 /* Project object */ = {
			isa = PBXProject;
			attributes = {
				BuildIndependentTargetsInParallel = 1;
				LastSwiftUpdateCheck = 1500;
				LastUpgradeCheck = 1500;
				TargetAttributes = {
					F00001 = {
						CreatedOnToolsVersion = 15.0;
					};
				};
			};
			buildConfigurationList = G00002 /* Build configuration list for PBXProject "FitFormAI" */;
			compatibilityVersion = "Xcode 14.0";
			developmentRegion = en;
			hasScannedForEncodings = 0;
			knownRegions = (
				en,
				Base,
			);
			mainGroup = E00001;
			productRefGroup = E00003 /* Products */;
			projectDirPath = "";
			projectRoot = "";
			targets = (
				F00001 /* FitFormAI */,
			);
		};
/* End PBXProject section */

/* Begin PBXResourcesBuildPhase section */
		F00004 /* Resources */ = {
			isa = PBXResourcesBuildPhase;
			buildActionMask = 2147483647;
			files = (
				A00003 /* Assets.xcassets in Resources */,
			);
			runOnlyForDeploymentPostprocessing = 0;
		};
/* End PBXResourcesBuildPhase section */

/* Begin PBXSourcesBuildPhase section */
		F00003 /* Sources */ = {
			isa = PBXSourcesBuildPhase;
			buildActionMask = 2147483647;
			files = (
				A00001 /* FitFormAIApp.swift in Sources */,
				A00002 /* ContentView.swift in Sources */,
				A00004 /* Config.swift in Sources */,
				A00006 /* AppState.swift in Sources */,
				A00007 /* FormAnalysis.swift in Sources */,
				A00008 /* UserProfile.swift in Sources */,
				A00009 /* WorkoutPlan.swift in Sources */,
				A00009A /* WorkoutFlow.swift in Sources */,
				A00010 /* OpenAIService.swift in Sources */,
				A00011 /* ColorExtension.swift in Sources */,
				A00021 /* SecurityManager.swift in Sources */,
				A00023 /* SavedWorkout.swift in Sources */,
				A00012 /* FormAnalysisResultView.swift in Sources */,
				A00013 /* FormCheckView.swift in Sources */,
				A00014 /* VideoRecorderView.swift in Sources */,
				A00015 /* HomeView.swift in Sources */,
				A00016 /* MainTabView.swift in Sources */,
				A00017 /* OnboardingComponents.swift in Sources */,
				A00018 /* OnboardingView.swift in Sources */,
				A00019 /* ProfileView.swift in Sources */,
				A00019A /* EditProfileView.swift in Sources */,
				A00020 /* WorkoutPlanView.swift in Sources */,
				A00020A /* WorkoutFlowView.swift in Sources */,
				A00022 /* LockedView.swift in Sources */,
			);
			runOnlyForDeploymentPostprocessing = 0;
		};
/* End PBXSourcesBuildPhase section */

/* Begin XCBuildConfiguration section */
		H00001 /* Debug */ = {
			isa = XCBuildConfiguration;
			buildSettings = {
				ALWAYS_SEARCH_USER_PATHS = NO;
				ASSETCATALOG_COMPILER_GENERATE_SWIFT_ASSET_SYMBOL_EXTENSIONS = YES;
				CLANG_ANALYZER_NONNULL = YES;
				CLANG_ANALYZER_NUMBER_OBJECT_CONVERSION = YES_AGGRESSIVE;
				CLANG_CXX_LANGUAGE_STANDARD = "gnu++20";
				CLANG_ENABLE_MODULES = YES;
				CLANG_ENABLE_OBJC_ARC = YES;
				CLANG_ENABLE_OBJC_WEAK = YES;
				CLANG_WARN_BLOCK_CAPTURE_AUTORELEASING = YES;
				CLANG_WARN_BOOL_CONVERSION = YES;
				CLANG_WARN_COMMA = YES;
				CLANG_WARN_CONSTANT_CONVERSION = YES;
				CLANG_WARN_DEPRECATED_OBJC_IMPLEMENTATIONS = YES;
				CLANG_WARN_DIRECT_OBJC_ISA_USAGE = YES_ERROR;
				CLANG_WARN_DOCUMENTATION_COMMENTS = YES;
				CLANG_WARN_EMPTY_BODY = YES;
				CLANG_WARN_ENUM_CONVERSION = YES;
				CLANG_WARN_INFINITE_RECURSION = YES;
				CLANG_WARN_INT_CONVERSION = YES;
				CLANG_WARN_NON_LITERAL_NULL_CONVERSION = YES;
				CLANG_WARN_OBJC_IMPLICIT_RETAIN_SELF = YES;
				CLANG_WARN_OBJC_LITERAL_CONVERSION = YES;
				CLANG_WARN_OBJC_ROOT_CLASS = YES_ERROR;
				CLANG_WARN_QUOTED_INCLUDE_IN_FRAMEWORK_HEADER = YES;
				CLANG_WARN_RANGE_LOOP_ANALYSIS = YES;
				CLANG_WARN_STRICT_PROTOTYPES = YES;
				CLANG_WARN_SUSPICIOUS_MOVE = YES;
				CLANG_WARN_UNGUARDED_AVAILABILITY = YES_AGGRESSIVE;
				CLANG_WARN_UNREACHABLE_CODE = YES;
				CLANG_WARN__DUPLICATE_METHOD_MATCH = YES;
				COPY_PHASE_STRIP = NO;
				DEBUG_INFORMATION_FORMAT = dwarf;
				ENABLE_STRICT_OBJC_MSGSEND = YES;
				ENABLE_TESTABILITY = YES;
				ENABLE_USER_SCRIPT_SANDBOXING = YES;
				GCC_C_LANGUAGE_STANDARD = gnu17;
				GCC_DYNAMIC_NO_PIC = NO;
				GCC_NO_COMMON_BLOCKS = YES;
				GCC_OPTIMIZATION_LEVEL = 0;
				GCC_PREPROCESSOR_DEFINITIONS = (
					"DEBUG=1",
					"$(inherited)",
				);
				GCC_WARN_64_TO_32_BIT_CONVERSION = YES;
				GCC_WARN_ABOUT_RETURN_TYPE = YES_ERROR;
				GCC_WARN_UNDECLARED_SELECTOR = YES;
				GCC_WARN_UNINITIALIZED_AUTOS = YES_AGGRESSIVE;
				GCC_WARN_UNUSED_FUNCTION = YES;
				GCC_WARN_UNUSED_VARIABLE = YES;
				IPHONEOS_DEPLOYMENT_TARGET = 17.0;
				LOCALIZATION_PREFERS_STRING_CATALOGS = YES;
				MTL_ENABLE_DEBUG_INFO = INCLUDE_SOURCE;
				MTL_FAST_MATH = YES;
				ONLY_ACTIVE_ARCH = YES;
				SDKROOT = iphoneos;
				SWIFT_ACTIVE_COMPILATION_CONDITIONS = "DEBUG $(inherited)";
				SWIFT_OPTIMIZATION_LEVEL = "-Onone";
			};
			name = Debug;
		};
		H00002 /* Release */ = {
			isa = XCBuildConfiguration;
			buildSettings = {
				ALWAYS_SEARCH_USER_PATHS = NO;
				ASSETCATALOG_COMPILER_GENERATE_SWIFT_ASSET_SYMBOL_EXTENSIONS = YES;
				CLANG_ANALYZER_NONNULL = YES;
				CLANG_ANALYZER_NUMBER_OBJECT_CONVERSION = YES_AGGRESSIVE;
				CLANG_CXX_LANGUAGE_STANDARD = "gnu++20";
				CLANG_ENABLE_MODULES = YES;
				CLANG_ENABLE_OBJC_ARC = YES;
				CLANG_ENABLE_OBJC_WEAK = YES;
				CLANG_WARN_BLOCK_CAPTURE_AUTORELEASING = YES;
				CLANG_WARN_BOOL_CONVERSION = YES;
				CLANG_WARN_COMMA = YES;
				CLANG_WARN_CONSTANT_CONVERSION = YES;
				CLANG_WARN_DEPRECATED_OBJC_IMPLEMENTATIONS = YES;
				CLANG_WARN_DIRECT_OBJC_ISA_USAGE = YES_ERROR;
				CLANG_WARN_DOCUMENTATION_COMMENTS = YES;
				CLANG_WARN_EMPTY_BODY = YES;
				CLANG_WARN_ENUM_CONVERSION = YES;
				CLANG_WARN_INFINITE_RECURSION = YES;
				CLANG_WARN_INT_CONVERSION = YES;
				CLANG_WARN_NON_LITERAL_NULL_CONVERSION = YES;
				CLANG_WARN_OBJC_IMPLICIT_RETAIN_SELF = YES;
				CLANG_WARN_OBJC_LITERAL_CONVERSION = YES;
				CLANG_WARN_OBJC_ROOT_CLASS = YES_ERROR;
				CLANG_WARN_QUOTED_INCLUDE_IN_FRAMEWORK_HEADER = YES;
				CLANG_WARN_RANGE_LOOP_ANALYSIS = YES;
				CLANG_WARN_STRICT_PROTOTYPES = YES;
				CLANG_WARN_SUSPICIOUS_MOVE = YES;
				CLANG_WARN_UNGUARDED_AVAILABILITY = YES_AGGRESSIVE;
				CLANG_WARN_UNREACHABLE_CODE = YES;
				CLANG_WARN__DUPLICATE_METHOD_MATCH = YES;
				COPY_PHASE_STRIP = NO;
				DEBUG_INFORMATION_FORMAT = "dwarf-with-dsym";
				ENABLE_NS_ASSERTIONS = NO;
				ENABLE_STRICT_OBJC_MSGSEND = YES;
				ENABLE_USER_SCRIPT_SANDBOXING = YES;
				GCC_C_LANGUAGE_STANDARD = gnu17;
				GCC_NO_COMMON_BLOCKS = YES;
				GCC_WARN_64_TO_32_BIT_CONVERSION = YES;
				GCC_WARN_ABOUT_RETURN_TYPE = YES_ERROR;
				GCC_WARN_UNDECLARED_SELECTOR = YES;
				GCC_WARN_UNINITIALIZED_AUTOS = YES_AGGRESSIVE;
				GCC_WARN_UNUSED_FUNCTION = YES;
				GCC_WARN_UNUSED_VARIABLE = YES;
				IPHONEOS_DEPLOYMENT_TARGET = 17.0;
				LOCALIZATION_PREFERS_STRING_CATALOGS = YES;
				MTL_ENABLE_DEBUG_INFO = NO;
				MTL_FAST_MATH = YES;
				SDKROOT = iphoneos;
				SWIFT_COMPILATION_MODE = wholemodule;
				VALIDATE_PRODUCT = YES;
			};
			name = Release;
		};
		H00003 /* Debug */ = {
			isa = XCBuildConfiguration;
			buildSettings = {
				ASSETCATALOG_COMPILER_APPICON_NAME = AppIcon;
				ASSETCATALOG_COMPILER_GLOBAL_ACCENT_COLOR_NAME = AccentColor;
				CODE_SIGN_IDENTITY = "Apple Development";
				CODE_SIGN_STYLE = Automatic;
				CURRENT_PROJECT_VERSION = 1;
				DEVELOPMENT_ASSET_PATHS = "";
				DEVELOPMENT_TEAM = 4UWCVLYVU8;
				ENABLE_PREVIEWS = YES;
				GENERATE_INFOPLIST_FILE = NO;
				INFOPLIST_FILE = FitFormAI/Info.plist;
				INFOPLIST_KEY_UIApplicationSceneManifest_Generation = YES;
				INFOPLIST_KEY_UIApplicationSupportsIndirectInputEvents = YES;
				INFOPLIST_KEY_UILaunchScreen_Generation = YES;
				INFOPLIST_KEY_UISupportedInterfaceOrientations = UIInterfaceOrientationPortrait;
				INFOPLIST_KEY_UISupportedInterfaceOrientations_iPad = "UIInterfaceOrientationPortrait UIInterfaceOrientationPortraitUpsideDown UIInterfaceOrientationLandscapeLeft UIInterfaceOrientationLandscapeRight";
				IPHONEOS_DEPLOYMENT_TARGET = 17.0;
				LD_RUNPATH_SEARCH_PATHS = (
					"$(inherited)",
					"@executable_path/Frameworks",
				);
				MARKETING_VERSION = 1.0;
				PRODUCT_BUNDLE_IDENTIFIER = com.novatra.RepRight;
				PRODUCT_NAME = "$(TARGET_NAME)";
				PROVISIONING_PROFILE_SPECIFIER = "";
				SWIFT_EMIT_LOC_STRINGS = YES;
				SWIFT_VERSION = 5.0;
				TARGETED_DEVICE_FAMILY = "1,2";
			};
			name = Debug;
		};
		H00004 /* Release */ = {
			isa = XCBuildConfiguration;
			buildSettings = {
				ASSETCATALOG_COMPILER_APPICON_NAME = AppIcon;
				ASSETCATALOG_COMPILER_GLOBAL_ACCENT_COLOR_NAME = AccentColor;
				CODE_SIGN_IDENTITY = "Apple Development";
				CODE_SIGN_STYLE = Automatic;
				CURRENT_PROJECT_VERSION = 1;
				DEVELOPMENT_ASSET_PATHS = "";
				DEVELOPMENT_TEAM = 4UWCVLYVU8;
				ENABLE_PREVIEWS = YES;
				GENERATE_INFOPLIST_FILE = NO;
				INFOPLIST_FILE = FitFormAI/Info.plist;
				INFOPLIST_KEY_UIApplicationSceneManifest_Generation = YES;
				INFOPLIST_KEY_UIApplicationSupportsIndirectInputEvents = YES;
				INFOPLIST_KEY_UILaunchScreen_Generation = YES;
				INFOPLIST_KEY_UISupportedInterfaceOrientations = UIInterfaceOrientationPortrait;
				INFOPLIST_KEY_UISupportedInterfaceOrientations_iPad = "UIInterfaceOrientationPortrait UIInterfaceOrientationPortraitUpsideDown UIInterfaceOrientationLandscapeLeft UIInterfaceOrientationLandscapeRight";
				IPHONEOS_DEPLOYMENT_TARGET = 17.0;
				LD_RUNPATH_SEARCH_PATHS = (
					"$(inherited)",
					"@executable_path/Frameworks",
				);
				MARKETING_VERSION = 1.0;
				PRODUCT_BUNDLE_IDENTIFIER = com.novatra.RepRight;
				PRODUCT_NAME = "$(TARGET_NAME)";
				PROVISIONING_PROFILE_SPECIFIER = "";
				SWIFT_EMIT_LOC_STRINGS = YES;
				SWIFT_VERSION = 5.0;
				TARGETED_DEVICE_FAMILY = "1,2";
			};
			name = Release;
		};
/* End XCBuildConfiguration section */

/* Begin XCConfigurationList section */
		F00002 /* Build configuration list for PBXNativeTarget "FitFormAI" */ = {
			isa = XCConfigurationList;
			buildConfigurations = (
				H00003 /* Debug */,
				H00004 /* Release */,
			);
			defaultConfigurationIsVisible = 0;
			defaultConfigurationName = Release;
		};
		G00002 /* Build configuration list for PBXProject "FitFormAI" */ = {
			isa = XCConfigurationList;
			buildConfigurations = (
				H00001 /* Debug */,
				H00002 /* Release */,
			);
			defaultConfigurationIsVisible = 0;
			defaultConfigurationName = Release;
		};
/* End XCConfigurationList section */
	};
	rootObject = G00001 /* Project object */;
}
